// !$*UTF8*$!
{
	archiveVersion = 1;
	classes = {
	};
	objectVersion = 46;
	objects = {

/* Begin PBXBuildFile section */
		CA7B07D11CB2C9A100A473CF /* AppDelegate.swift in Sources */ = {isa = PBXBuildFile; fileRef = CA7B07D01CB2C9A100A473CF /* AppDelegate.swift */; };
		CA7B07D61CB2C9A100A473CF /* Main.storyboard in Resources */ = {isa = PBXBuildFile; fileRef = CA7B07D41CB2C9A100A473CF /* Main.storyboard */; };
		CA7B07D81CB2C9A100A473CF /* Assets.xcassets in Resources */ = {isa = PBXBuildFile; fileRef = CA7B07D71CB2C9A100A473CF /* Assets.xcassets */; };
		CA7B07DB1CB2C9A100A473CF /* LaunchScreen.storyboard in Resources */ = {isa = PBXBuildFile; fileRef = CA7B07D91CB2C9A100A473CF /* LaunchScreen.storyboard */; };
		CAE58F4D1CB6B97300956EED /* UIColor extension.swift in Sources */ = {isa = PBXBuildFile; fileRef = CAE58F4C1CB6B97300956EED /* UIColor extension.swift */; };
		CAE58F4F1CB6CBC100956EED /* Datastore.swift in Sources */ = {isa = PBXBuildFile; fileRef = CAE58F4E1CB6CBC100956EED /* Datastore.swift */; };
		CAE88CE61CB5816000B96FC2 /* CalendarApi.swift in Sources */ = {isa = PBXBuildFile; fileRef = CAE88CE51CB5816000B96FC2 /* CalendarApi.swift */; };
		CAE88CE81CB5903100B96FC2 /* CalendarEvent.swift in Sources */ = {isa = PBXBuildFile; fileRef = CAE88CE71CB5903100B96FC2 /* CalendarEvent.swift */; };
		CAE88CEB1CB6084100B96FC2 /* Waffles.json in Resources */ = {isa = PBXBuildFile; fileRef = CAE88CEA1CB6084100B96FC2 /* Waffles.json */; };
		CAE88CED1CB6088A00B96FC2 /* Waffle.swift in Sources */ = {isa = PBXBuildFile; fileRef = CAE88CEC1CB6088A00B96FC2 /* Waffle.swift */; };
		CAE88CEF1CB6102600B96FC2 /* WaffleTableViewCell.swift in Sources */ = {isa = PBXBuildFile; fileRef = CAE88CEE1CB6102600B96FC2 /* WaffleTableViewCell.swift */; };
		CAE8A57C1CB44B6200B4529F /* SWRevealViewController.m in Sources */ = {isa = PBXBuildFile; fileRef = CAE8A5791CB44B6200B4529F /* SWRevealViewController.m */; };
		CAE8A5811CB44C7100B4529F /* WaffleMenuViewController.swift in Sources */ = {isa = PBXBuildFile; fileRef = CAE8A5801CB44C7100B4529F /* WaffleMenuViewController.swift */; };
		CAE8A5831CB452DF00B4529F /* NaviTableViewController.swift in Sources */ = {isa = PBXBuildFile; fileRef = CAE8A5821CB452DF00B4529F /* NaviTableViewController.swift */; };
		CAFA9CFF1CB457C9009A3FA4 /* LocationsViewController.swift in Sources */ = {isa = PBXBuildFile; fileRef = CAFA9CFE1CB457C9009A3FA4 /* LocationsViewController.swift */; };
		CAFA9D011CB4581A009A3FA4 /* AboutViewController.swift in Sources */ = {isa = PBXBuildFile; fileRef = CAFA9D001CB4581A009A3FA4 /* AboutViewController.swift */; };
		CAFA9D031CB463E4009A3FA4 /* MapKit.framework in Frameworks */ = {isa = PBXBuildFile; fileRef = CAFA9D021CB463E4009A3FA4 /* MapKit.framework */; };
/* End PBXBuildFile section */

/* Begin PBXFileReference section */
		CA7B07CD1CB2C9A100A473CF /* WaffleLuv.app */ = {isa = PBXFileReference; explicitFileType = wrapper.application; includeInIndex = 0; path = WaffleLuv.app; sourceTree = BUILT_PRODUCTS_DIR; };
		CA7B07D01CB2C9A100A473CF /* AppDelegate.swift */ = {isa = PBXFileReference; lastKnownFileType = sourcecode.swift; path = AppDelegate.swift; sourceTree = "<group>"; };
		CA7B07D51CB2C9A100A473CF /* Base */ = {isa = PBXFileReference; lastKnownFileType = file.storyboard; name = Base; path = Base.lproj/Main.storyboard; sourceTree = "<group>"; };
		CA7B07D71CB2C9A100A473CF /* Assets.xcassets */ = {isa = PBXFileReference; lastKnownFileType = folder.assetcatalog; path = Assets.xcassets; sourceTree = "<group>"; };
		CA7B07DA1CB2C9A100A473CF /* Base */ = {isa = PBXFileReference; lastKnownFileType = file.storyboard; name = Base; path = Base.lproj/LaunchScreen.storyboard; sourceTree = "<group>"; };
		CA7B07DC1CB2C9A100A473CF /* Info.plist */ = {isa = PBXFileReference; lastKnownFileType = text.plist.xml; path = Info.plist; sourceTree = "<group>"; };
		CAE58F4C1CB6B97300956EED /* UIColor extension.swift */ = {isa = PBXFileReference; fileEncoding = 4; lastKnownFileType = sourcecode.swift; path = "UIColor extension.swift"; sourceTree = "<group>"; };
		CAE58F4E1CB6CBC100956EED /* Datastore.swift */ = {isa = PBXFileReference; fileEncoding = 4; lastKnownFileType = sourcecode.swift; path = Datastore.swift; sourceTree = "<group>"; };
		CAE88CE51CB5816000B96FC2 /* CalendarApi.swift */ = {isa = PBXFileReference; fileEncoding = 4; lastKnownFileType = sourcecode.swift; path = CalendarApi.swift; sourceTree = "<group>"; };
		CAE88CE71CB5903100B96FC2 /* CalendarEvent.swift */ = {isa = PBXFileReference; fileEncoding = 4; lastKnownFileType = sourcecode.swift; name = CalendarEvent.swift; path = ../CalendarEvent.swift; sourceTree = "<group>"; };
		CAE88CEA1CB6084100B96FC2 /* Waffles.json */ = {isa = PBXFileReference; fileEncoding = 4; lastKnownFileType = text.json; path = Waffles.json; sourceTree = "<group>"; };
		CAE88CEC1CB6088A00B96FC2 /* Waffle.swift */ = {isa = PBXFileReference; fileEncoding = 4; lastKnownFileType = sourcecode.swift; path = Waffle.swift; sourceTree = "<group>"; };
		CAE88CEE1CB6102600B96FC2 /* WaffleTableViewCell.swift */ = {isa = PBXFileReference; fileEncoding = 4; lastKnownFileType = sourcecode.swift; path = WaffleTableViewCell.swift; sourceTree = "<group>"; };
		CAE8A5781CB44B6100B4529F /* WaffleLuv-Bridging-Header.h */ = {isa = PBXFileReference; lastKnownFileType = sourcecode.c.h; path = "WaffleLuv-Bridging-Header.h"; sourceTree = "<group>"; };
		CAE8A5791CB44B6200B4529F /* SWRevealViewController.m */ = {isa = PBXFileReference; fileEncoding = 4; lastKnownFileType = sourcecode.c.objc; path = SWRevealViewController.m; sourceTree = "<group>"; };
		CAE8A57A1CB44B6200B4529F /* SWRevealViewController.h */ = {isa = PBXFileReference; fileEncoding = 4; lastKnownFileType = sourcecode.c.h; path = SWRevealViewController.h; sourceTree = "<group>"; };
		CAE8A5801CB44C7100B4529F /* WaffleMenuViewController.swift */ = {isa = PBXFileReference; fileEncoding = 4; lastKnownFileType = sourcecode.swift; path = WaffleMenuViewController.swift; sourceTree = "<group>"; };
		CAE8A5821CB452DF00B4529F /* NaviTableViewController.swift */ = {isa = PBXFileReference; fileEncoding = 4; lastKnownFileType = sourcecode.swift; path = NaviTableViewController.swift; sourceTree = "<group>"; };
		CAFA9CFE1CB457C9009A3FA4 /* LocationsViewController.swift */ = {isa = PBXFileReference; fileEncoding = 4; lastKnownFileType = sourcecode.swift; path = LocationsViewController.swift; sourceTree = "<group>"; };
		CAFA9D001CB4581A009A3FA4 /* AboutViewController.swift */ = {isa = PBXFileReference; fileEncoding = 4; lastKnownFileType = sourcecode.swift; path = AboutViewController.swift; sourceTree = "<group>"; };
		CAFA9D021CB463E4009A3FA4 /* MapKit.framework */ = {isa = PBXFileReference; lastKnownFileType = wrapper.framework; name = MapKit.framework; path = System/Library/Frameworks/MapKit.framework; sourceTree = SDKROOT; };
/* End PBXFileReference section */

/* Begin PBXFrameworksBuildPhase section */
		CA7B07CA1CB2C9A100A473CF /* Frameworks */ = {
			isa = PBXFrameworksBuildPhase;
			buildActionMask = 2147483647;
			files = (
				CAFA9D031CB463E4009A3FA4 /* MapKit.framework in Frameworks */,
			);
			runOnlyForDeploymentPostprocessing = 0;
		};
/* End PBXFrameworksBuildPhase section */

/* Begin PBXGroup section */
		CA7B07C41CB2C9A100A473CF = {
			isa = PBXGroup;
			children = (
				CAFA9D021CB463E4009A3FA4 /* MapKit.framework */,
				CA7B07CF1CB2C9A100A473CF /* WaffleLuv */,
				CA7B07CE1CB2C9A100A473CF /* Products */,
			);
			sourceTree = "<group>";
		};
		CA7B07CE1CB2C9A100A473CF /* Products */ = {
			isa = PBXGroup;
			children = (
				CA7B07CD1CB2C9A100A473CF /* WaffleLuv.app */,
			);
			name = Products;
			sourceTree = "<group>";
		};
		CA7B07CF1CB2C9A100A473CF /* WaffleLuv */ = {
			isa = PBXGroup;
			children = (
				CA7B07D01CB2C9A100A473CF /* AppDelegate.swift */,
				CAE58F4E1CB6CBC100956EED /* Datastore.swift */,
				CAFA9D041CB4659F009A3FA4 /* ViewControllers */,
				CAE88CE41CB5804F00B96FC2 /* Controller */,
				CAE88CE91CB6026300B96FC2 /* Model */,
				CAE88CF01CB61A7B00B96FC2 /* Supporting Files */,
				CA7B07D41CB2C9A100A473CF /* Main.storyboard */,
				CA7B07D71CB2C9A100A473CF /* Assets.xcassets */,
				CA7B07D91CB2C9A100A473CF /* LaunchScreen.storyboard */,
				CA7B07DC1CB2C9A100A473CF /* Info.plist */,
				CAE8A57D1CB44B7B00B4529F /* SW Reveal View Controller */,
			);
			path = WaffleLuv;
			sourceTree = "<group>";
		};
		CAE88CE41CB5804F00B96FC2 /* Controller */ = {
			isa = PBXGroup;
			children = (
				CAE88CE51CB5816000B96FC2 /* CalendarApi.swift */,
			);
			name = Controller;
			sourceTree = "<group>";
		};
		CAE88CE91CB6026300B96FC2 /* Model */ = {
			isa = PBXGroup;
			children = (
				CAE88CE71CB5903100B96FC2 /* CalendarEvent.swift */,
				CAE88CEC1CB6088A00B96FC2 /* Waffle.swift */,
				CAE88CEE1CB6102600B96FC2 /* WaffleTableViewCell.swift */,
			);
			name = Model;
			sourceTree = "<group>";
		};
		CAE88CF01CB61A7B00B96FC2 /* Supporting Files */ = {
			isa = PBXGroup;
			children = (
				CAE88CEA1CB6084100B96FC2 /* Waffles.json */,
				CAE58F4C1CB6B97300956EED /* UIColor extension.swift */,
			);
			name = "Supporting Files";
			sourceTree = "<group>";
		};
		CAE8A57D1CB44B7B00B4529F /* SW Reveal View Controller */ = {
			isa = PBXGroup;
			children = (
				CAE8A5791CB44B6200B4529F /* SWRevealViewController.m */,
				CAE8A57A1CB44B6200B4529F /* SWRevealViewController.h */,
				CAE8A5781CB44B6100B4529F /* WaffleLuv-Bridging-Header.h */,
			);
			name = "SW Reveal View Controller";
			sourceTree = "<group>";
		};
		CAFA9D041CB4659F009A3FA4 /* ViewControllers */ = {
			isa = PBXGroup;
			children = (
				CAE8A5821CB452DF00B4529F /* NaviTableViewController.swift */,
				CAE8A5801CB44C7100B4529F /* WaffleMenuViewController.swift */,
				CAFA9CFE1CB457C9009A3FA4 /* LocationsViewController.swift */,
				CAFA9D001CB4581A009A3FA4 /* AboutViewController.swift */,
			);
			name = ViewControllers;
			sourceTree = "<group>";
		};
/* End PBXGroup section */

/* Begin PBXNativeTarget section */
		CA7B07CC1CB2C9A100A473CF /* WaffleLuv */ = {
			isa = PBXNativeTarget;
			buildConfigurationList = CA7B07DF1CB2C9A100A473CF /* Build configuration list for PBXNativeTarget "WaffleLuv" */;
			buildPhases = (
				CA7B07C91CB2C9A100A473CF /* Sources */,
				CA7B07CA1CB2C9A100A473CF /* Frameworks */,
				CA7B07CB1CB2C9A100A473CF /* Resources */,
			);
			buildRules = (
			);
			dependencies = (
			);
			name = WaffleLuv;
			productName = WaffleLuv;
			productReference = CA7B07CD1CB2C9A100A473CF /* WaffleLuv.app */;
			productType = "com.apple.product-type.application";
		};
/* End PBXNativeTarget section */

/* Begin PBXProject section */
		CA7B07C51CB2C9A100A473CF /* Project object */ = {
			isa = PBXProject;
			attributes = {
				LastSwiftUpdateCheck = 0730;
				LastUpgradeCheck = 0730;
				ORGANIZATIONNAME = "Bronson Dupaix";
				TargetAttributes = {
					CA7B07CC1CB2C9A100A473CF = {
						CreatedOnToolsVersion = 7.3;
						DevelopmentTeam = R99S6E3AYJ;
						SystemCapabilities = {
							com.apple.Maps.iOS = {
								enabled = 1;
							};
						};
					};
				};
			};
			buildConfigurationList = CA7B07C81CB2C9A100A473CF /* Build configuration list for PBXProject "WaffleLuv" */;
			compatibilityVersion = "Xcode 3.2";
			developmentRegion = English;
			hasScannedForEncodings = 0;
			knownRegions = (
				en,
				Base,
			);
			mainGroup = CA7B07C41CB2C9A100A473CF;
			productRefGroup = CA7B07CE1CB2C9A100A473CF /* Products */;
			projectDirPath = "";
			projectRoot = "";
			targets = (
				CA7B07CC1CB2C9A100A473CF /* WaffleLuv */,
			);
		};
/* End PBXProject section */

/* Begin PBXResourcesBuildPhase section */
		CA7B07CB1CB2C9A100A473CF /* Resources */ = {
			isa = PBXResourcesBuildPhase;
			buildActionMask = 2147483647;
			files = (
				CAE88CEB1CB6084100B96FC2 /* Waffles.json in Resources */,
				CA7B07DB1CB2C9A100A473CF /* LaunchScreen.storyboard in Resources */,
				CA7B07D81CB2C9A100A473CF /* Assets.xcassets in Resources */,
				CA7B07D61CB2C9A100A473CF /* Main.storyboard in Resources */,
			);
			runOnlyForDeploymentPostprocessing = 0;
		};
/* End PBXResourcesBuildPhase section */

/* Begin PBXSourcesBuildPhase section */
		CA7B07C91CB2C9A100A473CF /* Sources */ = {
			isa = PBXSourcesBuildPhase;
			buildActionMask = 2147483647;
			files = (
				CAE88CEF1CB6102600B96FC2 /* WaffleTableViewCell.swift in Sources */,
				CAE8A5811CB44C7100B4529F /* WaffleMenuViewController.swift in Sources */,
				CA7B07D11CB2C9A100A473CF /* AppDelegate.swift in Sources */,
				CAE58F4D1CB6B97300956EED /* UIColor extension.swift in Sources */,
				CAE88CE81CB5903100B96FC2 /* CalendarEvent.swift in Sources */,
				CAE58F4F1CB6CBC100956EED /* Datastore.swift in Sources */,
				CAFA9D011CB4581A009A3FA4 /* AboutViewController.swift in Sources */,
				CAE8A5831CB452DF00B4529F /* NaviTableViewController.swift in Sources */,
				CAE88CE61CB5816000B96FC2 /* CalendarApi.swift in Sources */,
				CAE8A57C1CB44B6200B4529F /* SWRevealViewController.m in Sources */,
				CAFA9CFF1CB457C9009A3FA4 /* LocationsViewController.swift in Sources */,
				CAE88CED1CB6088A00B96FC2 /* Waffle.swift in Sources */,
			);
			runOnlyForDeploymentPostprocessing = 0;
		};
/* End PBXSourcesBuildPhase section */

/* Begin PBXVariantGroup section */
		CA7B07D41CB2C9A100A473CF /* Main.storyboard */ = {
			isa = PBXVariantGroup;
			children = (
				CA7B07D51CB2C9A100A473CF /* Base */,
			);
			name = Main.storyboard;
			sourceTree = "<group>";
		};
		CA7B07D91CB2C9A100A473CF /* LaunchScreen.storyboard */ = {
			isa = PBXVariantGroup;
			children = (
				CA7B07DA1CB2C9A100A473CF /* Base */,
			);
			name = LaunchScreen.storyboard;
			sourceTree = "<group>";
		};
/* End PBXVariantGroup section */

/* Begin XCBuildConfiguration section */
		CA7B07DD1CB2C9A100A473CF /* Debug */ = {
			isa = XCBuildConfiguration;
			buildSettings = {
				ALWAYS_SEARCH_USER_PATHS = NO;
				CLANG_ANALYZER_NONNULL = YES;
				CLANG_CXX_LANGUAGE_STANDARD = "gnu++0x";
				CLANG_CXX_LIBRARY = "libc++";
				CLANG_ENABLE_MODULES = YES;
				CLANG_ENABLE_OBJC_ARC = YES;
				CLANG_WARN_BOOL_CONVERSION = YES;
				CLANG_WARN_CONSTANT_CONVERSION = YES;
				CLANG_WARN_DIRECT_OBJC_ISA_USAGE = YES_ERROR;
				CLANG_WARN_EMPTY_BODY = YES;
				CLANG_WARN_ENUM_CONVERSION = YES;
				CLANG_WARN_INT_CONVERSION = YES;
				CLANG_WARN_OBJC_ROOT_CLASS = YES_ERROR;
				CLANG_WARN_UNREACHABLE_CODE = YES;
				CLANG_WARN__DUPLICATE_METHOD_MATCH = YES;
				"CODE_SIGN_IDENTITY[sdk=iphoneos*]" = "iPhone Developer";
				COPY_PHASE_STRIP = NO;
				DEBUG_INFORMATION_FORMAT = dwarf;
				ENABLE_STRICT_OBJC_MSGSEND = YES;
				ENABLE_TESTABILITY = YES;
				GCC_C_LANGUAGE_STANDARD = gnu99;
				GCC_DYNAMIC_NO_PIC = NO;
				GCC_NO_COMMON_BLOCKS = YES;
				GCC_OPTIMIZATION_LEVEL = 0;
				GCC_PREPROCESSOR_DEFINITIONS = (
					"DEBUG=1",
					"$(inherited)",
				);
				GCC_WARN_64_TO_32_BIT_CONVERSION = YES;
				GCC_WARN_ABOUT_RETURN_TYPE = YES_ERROR;
				GCC_WARN_UNDECLARED_SELECTOR = YES;
				GCC_WARN_UNINITIALIZED_AUTOS = YES_AGGRESSIVE;
				GCC_WARN_UNUSED_FUNCTION = YES;
				GCC_WARN_UNUSED_VARIABLE = YES;
				IPHONEOS_DEPLOYMENT_TARGET = 9.3;
				MTL_ENABLE_DEBUG_INFO = YES;
				ONLY_ACTIVE_ARCH = YES;
				SDKROOT = iphoneos;
				SWIFT_OPTIMIZATION_LEVEL = "-Onone";
			};
			name = Debug;
		};
		CA7B07DE1CB2C9A100A473CF /* Release */ = {
			isa = XCBuildConfiguration;
			buildSettings = {
				ALWAYS_SEARCH_USER_PATHS = NO;
				CLANG_ANALYZER_NONNULL = YES;
				CLANG_CXX_LANGUAGE_STANDARD = "gnu++0x";
				CLANG_CXX_LIBRARY = "libc++";
				CLANG_ENABLE_MODULES = YES;
				CLANG_ENABLE_OBJC_ARC = YES;
				CLANG_WARN_BOOL_CONVERSION = YES;
				CLANG_WARN_CONSTANT_CONVERSION = YES;
				CLANG_WARN_DIRECT_OBJC_ISA_USAGE = YES_ERROR;
				CLANG_WARN_EMPTY_BODY = YES;
				CLANG_WARN_ENUM_CONVERSION = YES;
				CLANG_WARN_INT_CONVERSION = YES;
				CLANG_WARN_OBJC_ROOT_CLASS = YES_ERROR;
				CLANG_WARN_UNREACHABLE_CODE = YES;
				CLANG_WARN__DUPLICATE_METHOD_MATCH = YES;
				"CODE_SIGN_IDENTITY[sdk=iphoneos*]" = "iPhone Developer";
				COPY_PHASE_STRIP = NO;
				DEBUG_INFORMATION_FORMAT = "dwarf-with-dsym";
				ENABLE_NS_ASSERTIONS = NO;
				ENABLE_STRICT_OBJC_MSGSEND = YES;
				GCC_C_LANGUAGE_STANDARD = gnu99;
				GCC_NO_COMMON_BLOCKS = YES;
				GCC_WARN_64_TO_32_BIT_CONVERSION = YES;
				GCC_WARN_ABOUT_RETURN_TYPE = YES_ERROR;
				GCC_WARN_UNDECLARED_SELECTOR = YES;
				GCC_WARN_UNINITIALIZED_AUTOS = YES_AGGRESSIVE;
				GCC_WARN_UNUSED_FUNCTION = YES;
				GCC_WARN_UNUSED_VARIABLE = YES;
				IPHONEOS_DEPLOYMENT_TARGET = 9.3;
				MTL_ENABLE_DEBUG_INFO = NO;
				SDKROOT = iphoneos;
				VALIDATE_PRODUCT = YES;
			};
			name = Release;
		};
		CA7B07E01CB2C9A100A473CF /* Debug */ = {
			isa = XCBuildConfiguration;
			buildSettings = {
				ASSETCATALOG_COMPILER_APPICON_NAME = AppIcon;
				CLANG_ENABLE_MODULES = YES;
				INFOPLIST_FILE = WaffleLuv/Info.plist;
				LD_RUNPATH_SEARCH_PATHS = "$(inherited) @executable_path/Frameworks";
				PRODUCT_BUNDLE_IDENTIFIER = BronxDupaix.WaffleLuv;
				PRODUCT_NAME = "$(TARGET_NAME)";
				SWIFT_OBJC_BRIDGING_HEADER = "WaffleLuv/WaffleLuv-Bridging-Header.h";
				SWIFT_OPTIMIZATION_LEVEL = "-Onone";
			};
			name = Debug;
		};
		CA7B07E11CB2C9A100A473CF /* Release */ = {
			isa = XCBuildConfiguration;
			buildSettings = {
				ASSETCATALOG_COMPILER_APPICON_NAME = AppIcon;
				CLANG_ENABLE_MODULES = YES;
				INFOPLIST_FILE = WaffleLuv/Info.plist;
				LD_RUNPATH_SEARCH_PATHS = "$(inherited) @executable_path/Frameworks";
				PRODUCT_BUNDLE_IDENTIFIER = BronxDupaix.WaffleLuv;
				PRODUCT_NAME = "$(TARGET_NAME)";
				SWIFT_OBJC_BRIDGING_HEADER = "WaffleLuv/WaffleLuv-Bridging-Header.h";
			};
			name = Release;
		};
/* End XCBuildConfiguration section */

/* Begin XCConfigurationList section */
		CA7B07C81CB2C9A100A473CF /* Build configuration list for PBXProject "WaffleLuv" */ = {
			isa = XCConfigurationList;
			buildConfigurations = (
				CA7B07DD1CB2C9A100A473CF /* Debug */,
				CA7B07DE1CB2C9A100A473CF /* Release */,
			);
			defaultConfigurationIsVisible = 0;
			defaultConfigurationName = Release;
		};
		CA7B07DF1CB2C9A100A473CF /* Build configuration list for PBXNativeTarget "WaffleLuv" */ = {
			isa = XCConfigurationList;
			buildConfigurations = (
				CA7B07E01CB2C9A100A473CF /* Debug */,
				CA7B07E11CB2C9A100A473CF /* Release */,
			);
			defaultConfigurationIsVisible = 0;
			defaultConfigurationName = Release;
		};
/* End XCConfigurationList section */
	};
	rootObject = CA7B07C51CB2C9A100A473CF /* Project object */;
}
